
Microsoft Visual Studio Solution File, Format Version 12.00
# Visual Studio Version 16
VisualStudioVersion = 16.0.31129.286
MinimumVisualStudioVersion = 10.0.40219.1
Project("{FAE04EC0-301F-11D3-BF4B-00C04F79EFBC}") = "Mockup", "Mockup\Mockup.csproj", "{F089AE96-1B60-4D4B-B8E7-4F92E8EACA16}"
EndProject
Global
	GlobalSection(SolutionConfigurationPlatforms) = preSolution
		Debug|Any CPU = Debug|Any CPU
		Release|Any CPU = Release|Any CPU
	EndGlobalSection
	GlobalSection(ProjectConfigurationPlatforms) = postSolution
		{F089AE96-1B60-4D4B-B8E7-4F92E8EACA16}.Debug|Any CPU.ActiveCfg = Debug|Any CPU
		{F089AE96-1B60-4D4B-B8E7-4F92E8EACA16}.Debug|Any CPU.Build.0 = Debug|Any CPU
		{F089AE96-1B60-4D4B-B8E7-4F92E8EACA16}.Release|Any CPU.ActiveCfg = Release|Any CPU
		{F089AE96-1B60-4D4B-B8E7-4F92E8EACA16}.Release|Any CPU.Build.0 = Release|Any CPU
	EndGlobalSection
	GlobalSection(SolutionProperties) = preSolution
		HideSolutionNode = FALSE
	EndGlobalSection
	GlobalSection(ExtensibilityGlobals) = postSolution
		SolutionGuid = {F77790B6-F5DA-4643-89E1-677AFD36E0AE}
	EndGlobalSection
EndGlobal
